{
  "requires": true,
  "lockfileVersion": 1,
  "dependencies": {
    "lodash.throttle": {
      "version": "4.1.1",
      "resolved": "https://registry.npmjs.org/lodash.throttle/-/lodash.throttle-4.1.1.tgz",
      "integrity": "sha512-wIkUCfVKpVsWo3JSZlc+8MB5it+2AN5W8J7YVMST30UrvcQNZ1Okbj+rbVniijTWE6FGYy4XJq/rHkas8qJMLQ=="
    },
    "lodash.trim": {
      "version": "4.5.1",
      "resolved": "https://registry.npmjs.org/lodash.trim/-/lodash.trim-4.5.1.tgz",
      "integrity": "sha512-nJAlRl/K+eiOehWKDzoBVrSMhK0K3A3YQsUNXHQa5yIrKBAhsZgSu3KoAFoFT+mEgiyBHddZ0pRk1ITpIp90Wg=="
    },
    "vue-scrollbar-simple": {
      "version": "0.0.10",
      "resolved": "https://registry.npmjs.org/vue-scrollbar-simple/-/vue-scrollbar-simple-0.0.10.tgz",
      "integrity": "sha512-NvT20SmJ/DH19FyqPRViOfdZ4BKFI165mXRC3nMEryCYq2xaB1+8OvKGBY44Jpr/j1P08MirTPVJKl/B3DT+vw==",
      "requires": {
        "lodash.throttle": "^4.1.1"
      }
    },
    "vue-table-dynamic": {
      "version": "0.4.10",
      "resolved": "https://registry.npmjs.org/vue-table-dynamic/-/vue-table-dynamic-0.4.10.tgz",
      "integrity": "sha512-TaG+qyMPjVBtYMeYzuc9ly2KTUJ7b/Vyqige6xwD5RgSUpgdq1i6vxg0SAPep3V0/dVP4vmggpfo/8GNaYpQtg==",
      "requires": {
        "lodash.throttle": "^4.1.1",
        "lodash.trim": "^4.5.1",
        "vue-scrollbar-simple": "0.0.10"
      }
    }
  }
}
